
Microsoft Visual Studio Solution File, Format Version 12.00
# Visual Studio 15
VisualStudioVersion = 15.0.27130.2027
MinimumVisualStudioVersion = 10.0.40219.1
Project("{FAE04EC0-301F-11D3-BF4B-00C04F79EFBC}") = "NUnitTest", "NUnitTest\NUnitTest.csproj", "{67CA3A2D-11CC-40E6-83B7-3141562BF8F0}"
EndProject
Project("{FAE04EC0-301F-11D3-BF4B-00C04F79EFBC}") = "NUnitTestTests", "NUnitTestTests\NUnitTestTests.csproj", "{D250E18D-0460-466B-A2CB-D0CAB1469BE2}"
EndProject
Global
	GlobalSection(SolutionConfigurationPlatforms) = preSolution
		Debug|Any CPU = Debug|Any CPU
		Release|Any CPU = Release|Any CPU
	EndGlobalSection
	GlobalSection(ProjectConfigurationPlatforms) = postSolution
		{67CA3A2D-11CC-40E6-83B7-3141562BF8F0}.Debug|Any CPU.ActiveCfg = Debug|Any CPU
		{67CA3A2D-11CC-40E6-83B7-3141562BF8F0}.Debug|Any CPU.Build.0 = Debug|Any CPU
		{67CA3A2D-11CC-40E6-83B7-3141562BF8F0}.Release|Any CPU.ActiveCfg = Release|Any CPU
		{67CA3A2D-11CC-40E6-83B7-3141562BF8F0}.Release|Any CPU.Build.0 = Release|Any CPU
		{D250E18D-0460-466B-A2CB-D0CAB1469BE2}.Debug|Any CPU.ActiveCfg = Debug|Any CPU
		{D250E18D-0460-466B-A2CB-D0CAB1469BE2}.Debug|Any CPU.Build.0 = Debug|Any CPU
		{D250E18D-0460-466B-A2CB-D0CAB1469BE2}.Release|Any CPU.ActiveCfg = Release|Any CPU
		{D250E18D-0460-466B-A2CB-D0CAB1469BE2}.Release|Any CPU.Build.0 = Release|Any CPU
	EndGlobalSection
	GlobalSection(SolutionProperties) = preSolution
		HideSolutionNode = FALSE
	EndGlobalSection
	GlobalSection(ExtensibilityGlobals) = postSolution
		SolutionGuid = {15C53B6D-582D-495C-A327-48C361AD97E8}
	EndGlobalSection
EndGlobal
